
Microsoft Visual Studio Solution File, Format Version 12.00
# Visual Studio 2012
Project("{FAE04EC0-301F-11D3-BF4B-00C04F79EFBC}") = "CustomerQueueManagementApp", "CustomerQueueManagementApp\CustomerQueueManagementApp.csproj", "{5C835F50-F240-4412-A564-D727DF05ECCC}"
EndProject
Global
	GlobalSection(SolutionConfigurationPlatforms) = preSolution
		Debug|Any CPU = Debug|Any CPU
		Release|Any CPU = Release|Any CPU
	EndGlobalSection
	GlobalSection(ProjectConfigurationPlatforms) = postSolution
		{5C835F50-F240-4412-A564-D727DF05ECCC}.Debug|Any CPU.ActiveCfg = Debug|Any CPU
		{5C835F50-F240-4412-A564-D727DF05ECCC}.Debug|Any CPU.Build.0 = Debug|Any CPU
		{5C835F50-F240-4412-A564-D727DF05ECCC}.Release|Any CPU.ActiveCfg = Release|Any CPU
		{5C835F50-F240-4412-A564-D727DF05ECCC}.Release|Any CPU.Build.0 = Release|Any CPU
	EndGlobalSection
	GlobalSection(SolutionProperties) = preSolution
		HideSolutionNode = FALSE
	EndGlobalSection
EndGlobal
